
Microsoft Visual Studio Solution File, Format Version 12.00
# Visual Studio Version 16
VisualStudioVersion = 16.0.32228.343
MinimumVisualStudioVersion = 10.0.40219.1
Project("{9A19103F-16F7-4668-BE54-9A1E7A4F7556}") = "E05.Vacation", "E05.Vacation\E05.Vacation.csproj", "{78116904-A1EC-443E-9EEF-295996FC984C}"
EndProject
Project("{FAE04EC0-301F-11D3-BF4B-00C04F79EFBC}") = "E06.TruckDriver", "E06.TruckDriver\E06.TruckDriver.csproj", "{9B19C03D-52E3-4CEE-99B9-ABEC4B603C35}"
EndProject
Project("{FAE04EC0-301F-11D3-BF4B-00C04F79EFBC}") = "E07.SchoolCamp", "E07.SchoolCamp\E07.SchoolCamp.csproj", "{190F564D-7427-417D-9475-82F0A344E45B}"
EndProject
Project("{FAE04EC0-301F-11D3-BF4B-00C04F79EFBC}") = "E08.PointOnRectangleBorder", "E08.PointOnRectangleBorder\E08.PointOnRectangleBorder.csproj", "{90ADF313-B970-45F3-86E8-0C157795FD8F}"
EndProject
Project("{FAE04EC0-301F-11D3-BF4B-00C04F79EFBC}") = "E09.NumbersFrom1To10", "E09.NumbersFrom1To10\E09.NumbersFrom1To10.csproj", "{2DF934A2-209C-40D1-BA4B-25129818836B}"
EndProject
Project("{FAE04EC0-301F-11D3-BF4B-00C04F79EFBC}") = "E10.MultiplyBy2", "E10.MultiplyBy2\E10.MultiplyBy2.csproj", "{4AAEB58C-4AD6-4B4E-98D2-78CFFBCFAFD0}"
EndProject
Global
	GlobalSection(SolutionConfigurationPlatforms) = preSolution
		Debug|Any CPU = Debug|Any CPU
		Release|Any CPU = Release|Any CPU
	EndGlobalSection
	GlobalSection(ProjectConfigurationPlatforms) = postSolution
		{78116904-A1EC-443E-9EEF-295996FC984C}.Debug|Any CPU.ActiveCfg = Debug|Any CPU
		{78116904-A1EC-443E-9EEF-295996FC984C}.Debug|Any CPU.Build.0 = Debug|Any CPU
		{78116904-A1EC-443E-9EEF-295996FC984C}.Release|Any CPU.ActiveCfg = Release|Any CPU
		{78116904-A1EC-443E-9EEF-295996FC984C}.Release|Any CPU.Build.0 = Release|Any CPU
		{9B19C03D-52E3-4CEE-99B9-ABEC4B603C35}.Debug|Any CPU.ActiveCfg = Debug|Any CPU
		{9B19C03D-52E3-4CEE-99B9-ABEC4B603C35}.Debug|Any CPU.Build.0 = Debug|Any CPU
		{9B19C03D-52E3-4CEE-99B9-ABEC4B603C35}.Release|Any CPU.ActiveCfg = Release|Any CPU
		{9B19C03D-52E3-4CEE-99B9-ABEC4B603C35}.Release|Any CPU.Build.0 = Release|Any CPU
		{190F564D-7427-417D-9475-82F0A344E45B}.Debug|Any CPU.ActiveCfg = Debug|Any CPU
		{190F564D-7427-417D-9475-82F0A344E45B}.Debug|Any CPU.Build.0 = Debug|Any CPU
		{190F564D-7427-417D-9475-82F0A344E45B}.Release|Any CPU.ActiveCfg = Release|Any CPU
		{190F564D-7427-417D-9475-82F0A344E45B}.Release|Any CPU.Build.0 = Release|Any CPU
		{90ADF313-B970-45F3-86E8-0C157795FD8F}.Debug|Any CPU.ActiveCfg = Debug|Any CPU
		{90ADF313-B970-45F3-86E8-0C157795FD8F}.Debug|Any CPU.Build.0 = Debug|Any CPU
		{90ADF313-B970-45F3-86E8-0C157795FD8F}.Release|Any CPU.ActiveCfg = Release|Any CPU
		{90ADF313-B970-45F3-86E8-0C157795FD8F}.Release|Any CPU.Build.0 = Release|Any CPU
		{2DF934A2-209C-40D1-BA4B-25129818836B}.Debug|Any CPU.ActiveCfg = Debug|Any CPU
		{2DF934A2-209C-40D1-BA4B-25129818836B}.Debug|Any CPU.Build.0 = Debug|Any CPU
		{2DF934A2-209C-40D1-BA4B-25129818836B}.Release|Any CPU.ActiveCfg = Release|Any CPU
		{2DF934A2-209C-40D1-BA4B-25129818836B}.Release|Any CPU.Build.0 = Release|Any CPU
		{4AAEB58C-4AD6-4B4E-98D2-78CFFBCFAFD0}.Debug|Any CPU.ActiveCfg = Debug|Any CPU
		{4AAEB58C-4AD6-4B4E-98D2-78CFFBCFAFD0}.Debug|Any CPU.Build.0 = Debug|Any CPU
		{4AAEB58C-4AD6-4B4E-98D2-78CFFBCFAFD0}.Release|Any CPU.ActiveCfg = Release|Any CPU
		{4AAEB58C-4AD6-4B4E-98D2-78CFFBCFAFD0}.Release|Any CPU.Build.0 = Release|Any CPU
	EndGlobalSection
	GlobalSection(SolutionProperties) = preSolution
		HideSolutionNode = FALSE
	EndGlobalSection
	GlobalSection(ExtensibilityGlobals) = postSolution
		SolutionGuid = {92C46B1B-BD6B-4E7F-8742-1766EC1F06AB}
	EndGlobalSection
EndGlobal
