
Microsoft Visual Studio Solution File, Format Version 12.00
# Visual Studio Version 16
VisualStudioVersion = 16.0.32228.343
MinimumVisualStudioVersion = 10.0.40219.1
Project("{FAE04EC0-301F-11D3-BF4B-00C04F79EFBC}") = "01.SortNumbers", "01.SortNumbers\01.SortNumbers.csproj", "{9DC5C707-91BB-4C68-B5E4-7A57CC186E2F}"
EndProject
Project("{FAE04EC0-301F-11D3-BF4B-00C04F79EFBC}") = "02.EnglishNameOfTheLastDigit", "02.EnglishNameOfTheLastDigit\02.EnglishNameOfTheLastDigit.csproj", "{19A26365-CC24-472E-A788-09744D75C329}"
EndProject
Project("{FAE04EC0-301F-11D3-BF4B-00C04F79EFBC}") = "03.GamingStore", "03.GamingStore\03.GamingStore.csproj", "{8390EE07-3F08-4450-A8C2-21C9E59A01A4}"
EndProject
Project("{FAE04EC0-301F-11D3-BF4B-00C04F79EFBC}") = "04.ReverseString", "04.ReverseString\04.ReverseString.csproj", "{0793B765-C63C-4F0C-8FBA-15BC95D9CA1A}"
EndProject
Project("{FAE04EC0-301F-11D3-BF4B-00C04F79EFBC}") = "05.Messages", "05.Messages\05.Messages.csproj", "{12D25F7D-282A-4E66-8A11-330F28775206}"
EndProject
Global
	GlobalSection(SolutionConfigurationPlatforms) = preSolution
		Debug|Any CPU = Debug|Any CPU
		Release|Any CPU = Release|Any CPU
	EndGlobalSection
	GlobalSection(ProjectConfigurationPlatforms) = postSolution
		{9DC5C707-91BB-4C68-B5E4-7A57CC186E2F}.Debug|Any CPU.ActiveCfg = Debug|Any CPU
		{9DC5C707-91BB-4C68-B5E4-7A57CC186E2F}.Debug|Any CPU.Build.0 = Debug|Any CPU
		{9DC5C707-91BB-4C68-B5E4-7A57CC186E2F}.Release|Any CPU.ActiveCfg = Release|Any CPU
		{9DC5C707-91BB-4C68-B5E4-7A57CC186E2F}.Release|Any CPU.Build.0 = Release|Any CPU
		{19A26365-CC24-472E-A788-09744D75C329}.Debug|Any CPU.ActiveCfg = Debug|Any CPU
		{19A26365-CC24-472E-A788-09744D75C329}.Debug|Any CPU.Build.0 = Debug|Any CPU
		{19A26365-CC24-472E-A788-09744D75C329}.Release|Any CPU.ActiveCfg = Release|Any CPU
		{19A26365-CC24-472E-A788-09744D75C329}.Release|Any CPU.Build.0 = Release|Any CPU
		{8390EE07-3F08-4450-A8C2-21C9E59A01A4}.Debug|Any CPU.ActiveCfg = Debug|Any CPU
		{8390EE07-3F08-4450-A8C2-21C9E59A01A4}.Debug|Any CPU.Build.0 = Debug|Any CPU
		{8390EE07-3F08-4450-A8C2-21C9E59A01A4}.Release|Any CPU.ActiveCfg = Release|Any CPU
		{8390EE07-3F08-4450-A8C2-21C9E59A01A4}.Release|Any CPU.Build.0 = Release|Any CPU
		{0793B765-C63C-4F0C-8FBA-15BC95D9CA1A}.Debug|Any CPU.ActiveCfg = Debug|Any CPU
		{0793B765-C63C-4F0C-8FBA-15BC95D9CA1A}.Debug|Any CPU.Build.0 = Debug|Any CPU
		{0793B765-C63C-4F0C-8FBA-15BC95D9CA1A}.Release|Any CPU.ActiveCfg = Release|Any CPU
		{0793B765-C63C-4F0C-8FBA-15BC95D9CA1A}.Release|Any CPU.Build.0 = Release|Any CPU
		{12D25F7D-282A-4E66-8A11-330F28775206}.Debug|Any CPU.ActiveCfg = Debug|Any CPU
		{12D25F7D-282A-4E66-8A11-330F28775206}.Debug|Any CPU.Build.0 = Debug|Any CPU
		{12D25F7D-282A-4E66-8A11-330F28775206}.Release|Any CPU.ActiveCfg = Release|Any CPU
		{12D25F7D-282A-4E66-8A11-330F28775206}.Release|Any CPU.Build.0 = Release|Any CPU
	EndGlobalSection
	GlobalSection(SolutionProperties) = preSolution
		HideSolutionNode = FALSE
	EndGlobalSection
	GlobalSection(ExtensibilityGlobals) = postSolution
		SolutionGuid = {000BAF8E-570B-4E83-B9C8-4C3334B5E5D0}
	EndGlobalSection
EndGlobal
